// !$*UTF8*$!
{
	archiveVersion = 1;
	classes = {
	};
	objectVersion = 77;
	objects = {

/* Begin PBXBuildFile section */
		9D09AFC52DCC5F2100FB0375 /* AudioToolbox.framework in Frameworks */ = {isa = PBXBuildFile; fileRef = 9D09AFC42DCC5F2100FB0375 /* AudioToolbox.framework */; };
		9D09AFC72DCC5F2B00FB0375 /* AVFoundation.framework in Frameworks */ = {isa = PBXBuildFile; fileRef = 9D09AFC62DCC5F2B00FB0375 /* AVFoundation.framework */; };
		9D09AFC92DCC5F3300FB0375 /* CFNetwork.framework in Frameworks */ = {isa = PBXBuildFile; fileRef = 9D09AFC82DCC5F3300FB0375 /* CFNetwork.framework */; };
		9D09AFCB2DCC5F4000FB0375 /* CoreAudio.framework in Frameworks */ = {isa = PBXBuildFile; fileRef = 9D09AFCA2DCC5F4000FB0375 /* CoreAudio.framework */; };
		9D09AFCD2DCC5F4700FB0375 /* CoreLocation.framework in Frameworks */ = {isa = PBXBuildFile; fileRef = 9D09AFCC2DCC5F4700FB0375 /* CoreLocation.framework */; };
		9D09AFCF2DCC5F5500FB0375 /* GLKit.framework in Frameworks */ = {isa = PBXBuildFile; fileRef = 9D09AFCE2DCC5F5500FB0375 /* GLKit.framework */; };
		9D09AFD12DCC5F5F00FB0375 /* SystemConfiguration.framework in Frameworks */ = {isa = PBXBuildFile; fileRef = 9D09AFD02DCC5F5F00FB0375 /* SystemConfiguration.framework */; };
		9D09AFD32DCC5F7400FB0375 /* CoreTelephony.framework in Frameworks */ = {isa = PBXBuildFile; fileRef = 9D09AFD22DCC5F7400FB0375 /* CoreTelephony.framework */; };
		CF4D5C6EDF9AE4D2892C9BB3 /* Pods_CozeSDKDemo.framework in Frameworks */ = {isa = PBXBuildFile; fileRef = 23BFBC293E608E915B87A7B9 /* Pods_CozeSDKDemo.framework */; };
/* End PBXBuildFile section */

/* Begin PBXFileReference section */
		23BFBC293E608E915B87A7B9 /* Pods_CozeSDKDemo.framework */ = {isa = PBXFileReference; explicitFileType = wrapper.framework; includeInIndex = 0; path = Pods_CozeSDKDemo.framework; sourceTree = BUILT_PRODUCTS_DIR; };
		5C96387DE26668D4657BDC62 /* Pods-CozeSDKDemo.release.xcconfig */ = {isa = PBXFileReference; includeInIndex = 1; lastKnownFileType = text.xcconfig; name = "Pods-CozeSDKDemo.release.xcconfig"; path = "Target Support Files/Pods-CozeSDKDemo/Pods-CozeSDKDemo.release.xcconfig"; sourceTree = "<group>"; };
		9D09AFC42DCC5F2100FB0375 /* AudioToolbox.framework */ = {isa = PBXFileReference; lastKnownFileType = wrapper.framework; name = AudioToolbox.framework; path = System/Library/Frameworks/AudioToolbox.framework; sourceTree = SDKROOT; };
		9D09AFC62DCC5F2B00FB0375 /* AVFoundation.framework */ = {isa = PBXFileReference; lastKnownFileType = wrapper.framework; name = AVFoundation.framework; path = System/Library/Frameworks/AVFoundation.framework; sourceTree = SDKROOT; };
		9D09AFC82DCC5F3300FB0375 /* CFNetwork.framework */ = {isa = PBXFileReference; lastKnownFileType = wrapper.framework; name = CFNetwork.framework; path = System/Library/Frameworks/CFNetwork.framework; sourceTree = SDKROOT; };
		9D09AFCA2DCC5F4000FB0375 /* CoreAudio.framework */ = {isa = PBXFileReference; lastKnownFileType = wrapper.framework; name = CoreAudio.framework; path = System/Library/Frameworks/CoreAudio.framework; sourceTree = SDKROOT; };
		9D09AFCC2DCC5F4700FB0375 /* CoreLocation.framework */ = {isa = PBXFileReference; lastKnownFileType = wrapper.framework; name = CoreLocation.framework; path = System/Library/Frameworks/CoreLocation.framework; sourceTree = SDKROOT; };
		9D09AFCE2DCC5F5500FB0375 /* GLKit.framework */ = {isa = PBXFileReference; lastKnownFileType = wrapper.framework; name = GLKit.framework; path = System/Library/Frameworks/GLKit.framework; sourceTree = SDKROOT; };
		9D09AFD02DCC5F5F00FB0375 /* SystemConfiguration.framework */ = {isa = PBXFileReference; lastKnownFileType = wrapper.framework; name = SystemConfiguration.framework; path = System/Library/Frameworks/SystemConfiguration.framework; sourceTree = SDKROOT; };
		9D09AFD22DCC5F7400FB0375 /* CoreTelephony.framework */ = {isa = PBXFileReference; lastKnownFileType = wrapper.framework; name = CoreTelephony.framework; path = System/Library/Frameworks/CoreTelephony.framework; sourceTree = SDKROOT; };
		9D09AFD42DCC5F9300FB0375 /* BDSclientVoice.framework */ = {isa = PBXFileReference; explicitFileType = wrapper.framework; path = BDSclientVoice.framework; sourceTree = BUILT_PRODUCTS_DIR; };
		9DC82B3C2DC20AA400D7696B /* CozeSDKDemo.app */ = {isa = PBXFileReference; explicitFileType = wrapper.application; includeInIndex = 0; path = CozeSDKDemo.app; sourceTree = BUILT_PRODUCTS_DIR; };
		EC89B88143158BDE1DEF6F9D /* Pods-CozeSDKDemo.debug.xcconfig */ = {isa = PBXFileReference; includeInIndex = 1; lastKnownFileType = text.xcconfig; name = "Pods-CozeSDKDemo.debug.xcconfig"; path = "Target Support Files/Pods-CozeSDKDemo/Pods-CozeSDKDemo.debug.xcconfig"; sourceTree = "<group>"; };
/* End PBXFileReference section */

/* Begin PBXFileSystemSynchronizedBuildFileExceptionSet section */
		9DC82B4E2DC20AA500D7696B /* Exceptions for "CozeSDKDemo" folder in "CozeSDKDemo" target */ = {
			isa = PBXFileSystemSynchronizedBuildFileExceptionSet;
			membershipExceptions = (
				Info.plist,
			);
			target = 9DC82B3B2DC20AA400D7696B /* CozeSDKDemo */;
		};
/* End PBXFileSystemSynchronizedBuildFileExceptionSet section */

/* Begin PBXFileSystemSynchronizedRootGroup section */
		9DC82B3E2DC20AA400D7696B /* CozeSDKDemo */ = {
			isa = PBXFileSystemSynchronizedRootGroup;
			exceptions = (
				9DC82B4E2DC20AA500D7696B /* Exceptions for "CozeSDKDemo" folder in "CozeSDKDemo" target */,
			);
			path = CozeSDKDemo;
			sourceTree = "<group>";
		};
/* End PBXFileSystemSynchronizedRootGroup section */

/* Begin PBXFrameworksBuildPhase section */
		9DC82B392DC20AA400D7696B /* Frameworks */ = {
			isa = PBXFrameworksBuildPhase;
			buildActionMask = 2147483647;
			files = (
				9D09AFCD2DCC5F4700FB0375 /* CoreLocation.framework in Frameworks */,
				CF4D5C6EDF9AE4D2892C9BB3 /* Pods_CozeSDKDemo.framework in Frameworks */,
				9D09AFC52DCC5F2100FB0375 /* AudioToolbox.framework in Frameworks */,
				9D09AFC92DCC5F3300FB0375 /* CFNetwork.framework in Frameworks */,
				9D09AFCF2DCC5F5500FB0375 /* GLKit.framework in Frameworks */,
				9D09AFCB2DCC5F4000FB0375 /* CoreAudio.framework in Frameworks */,
				9D09AFD12DCC5F5F00FB0375 /* SystemConfiguration.framework in Frameworks */,
				9D09AFD32DCC5F7400FB0375 /* CoreTelephony.framework in Frameworks */,
				9D09AFC72DCC5F2B00FB0375 /* AVFoundation.framework in Frameworks */,
			);
			runOnlyForDeploymentPostprocessing = 0;
		};
/* End PBXFrameworksBuildPhase section */

/* Begin PBXGroup section */
		5187F222762C962ABF20A552 /* Frameworks */ = {
			isa = PBXGroup;
			children = (
				9D09AFD42DCC5F9300FB0375 /* BDSclientVoice.framework */,
				9D09AFD22DCC5F7400FB0375 /* CoreTelephony.framework */,
				9D09AFD02DCC5F5F00FB0375 /* SystemConfiguration.framework */,
				9D09AFCE2DCC5F5500FB0375 /* GLKit.framework */,
				9D09AFCC2DCC5F4700FB0375 /* CoreLocation.framework */,
				9D09AFCA2DCC5F4000FB0375 /* CoreAudio.framework */,
				9D09AFC82DCC5F3300FB0375 /* CFNetwork.framework */,
				9D09AFC62DCC5F2B00FB0375 /* AVFoundation.framework */,
				9D09AFC42DCC5F2100FB0375 /* AudioToolbox.framework */,
				23BFBC293E608E915B87A7B9 /* Pods_CozeSDKDemo.framework */,
			);
			name = Frameworks;
			sourceTree = "<group>";
		};
		7095FD465203DF030A1B5DF4 /* Pods */ = {
			isa = PBXGroup;
			children = (
				EC89B88143158BDE1DEF6F9D /* Pods-CozeSDKDemo.debug.xcconfig */,
				5C96387DE26668D4657BDC62 /* Pods-CozeSDKDemo.release.xcconfig */,
			);
			path = Pods;
			sourceTree = "<group>";
		};
		9DC82B332DC20AA400D7696B = {
			isa = PBXGroup;
			children = (
				9DC82B3E2DC20AA400D7696B /* CozeSDKDemo */,
				9DC82B3D2DC20AA400D7696B /* Products */,
				7095FD465203DF030A1B5DF4 /* Pods */,
				5187F222762C962ABF20A552 /* Frameworks */,
			);
			sourceTree = "<group>";
		};
		9DC82B3D2DC20AA400D7696B /* Products */ = {
			isa = PBXGroup;
			children = (
				9DC82B3C2DC20AA400D7696B /* CozeSDKDemo.app */,
			);
			name = Products;
			sourceTree = "<group>";
		};
/* End PBXGroup section */

/* Begin PBXNativeTarget section */
		9DC82B3B2DC20AA400D7696B /* CozeSDKDemo */ = {
			isa = PBXNativeTarget;
			buildConfigurationList = 9DC82B4F2DC20AA500D7696B /* Build configuration list for PBXNativeTarget "CozeSDKDemo" */;
			buildPhases = (
				1A23510BDD28D0F9167306EB /* [CP] Check Pods Manifest.lock */,
				9DC82B382DC20AA400D7696B /* Sources */,
				9DC82B392DC20AA400D7696B /* Frameworks */,
				9DC82B3A2DC20AA400D7696B /* Resources */,
			);
			buildRules = (
			);
			dependencies = (
			);
			fileSystemSynchronizedGroups = (
				9DC82B3E2DC20AA400D7696B /* CozeSDKDemo */,
			);
			name = CozeSDKDemo;
			productName = CozeSDKDemo;
			productReference = 9DC82B3C2DC20AA400D7696B /* CozeSDKDemo.app */;
			productType = "com.apple.product-type.application";
		};
/* End PBXNativeTarget section */

/* Begin PBXProject section */
		9DC82B342DC20AA400D7696B /* Project object */ = {
			isa = PBXProject;
			attributes = {
				BuildIndependentTargetsInParallel = 1;
				LastSwiftUpdateCheck = 1630;
				LastUpgradeCheck = 1630;
				TargetAttributes = {
					9DC82B3B2DC20AA400D7696B = {
						CreatedOnToolsVersion = 16.3;
						LastSwiftMigration = 1630;
					};
				};
			};
			buildConfigurationList = 9DC82B372DC20AA400D7696B /* Build configuration list for PBXProject "CozeSDKDemo" */;
			developmentRegion = en;
			hasScannedForEncodings = 0;
			knownRegions = (
				en,
				Base,
			);
			mainGroup = 9DC82B332DC20AA400D7696B;
			minimizedProjectReferenceProxies = 1;
			preferredProjectObjectVersion = 77;
			productRefGroup = 9DC82B3D2DC20AA400D7696B /* Products */;
			projectDirPath = "";
			projectRoot = "";
			targets = (
				9DC82B3B2DC20AA400D7696B /* CozeSDKDemo */,
			);
		};
/* End PBXProject section */

/* Begin PBXResourcesBuildPhase section */
		9DC82B3A2DC20AA400D7696B /* Resources */ = {
			isa = PBXResourcesBuildPhase;
			buildActionMask = 2147483647;
			files = (
			);
			runOnlyForDeploymentPostprocessing = 0;
		};
/* End PBXResourcesBuildPhase section */

/* Begin PBXShellScriptBuildPhase section */
		1A23510BDD28D0F9167306EB /* [CP] Check Pods Manifest.lock */ = {
			isa = PBXShellScriptBuildPhase;
			buildActionMask = 2147483647;
			files = (
			);
			inputFileListPaths = (
			);
			inputPaths = (
				"${PODS_PODFILE_DIR_PATH}/Podfile.lock",
				"${PODS_ROOT}/Manifest.lock",
			);
			name = "[CP] Check Pods Manifest.lock";
			outputFileListPaths = (
			);
			outputPaths = (
				"$(DERIVED_FILE_DIR)/Pods-CozeSDKDemo-checkManifestLockResult.txt",
			);
			runOnlyForDeploymentPostprocessing = 0;
			shellPath = /bin/sh;
			shellScript = "diff \"${PODS_PODFILE_DIR_PATH}/Podfile.lock\" \"${PODS_ROOT}/Manifest.lock\" > /dev/null\nif [ $? != 0 ] ; then\n    # print error to STDERR\n    echo \"error: The sandbox is not in sync with the Podfile.lock. Run 'pod install' or update your CocoaPods installation.\" >&2\n    exit 1\nfi\n# This output is used by Xcode 'outputs' to avoid re-running this script phase.\necho \"SUCCESS\" > \"${SCRIPT_OUTPUT_FILE_0}\"\n";
			showEnvVarsInLog = 0;
		};
/* End PBXShellScriptBuildPhase section */

/* Begin PBXSourcesBuildPhase section */
		9DC82B382DC20AA400D7696B /* Sources */ = {
			isa = PBXSourcesBuildPhase;
			buildActionMask = 2147483647;
			files = (
			);
			runOnlyForDeploymentPostprocessing = 0;
		};
/* End PBXSourcesBuildPhase section */

/* Begin XCBuildConfiguration section */
		9DC82B502DC20AA500D7696B /* Debug */ = {
			isa = XCBuildConfiguration;
			baseConfigurationReference = EC89B88143158BDE1DEF6F9D /* Pods-CozeSDKDemo.debug.xcconfig */;
			buildSettings = {
				ASSETCATALOG_COMPILER_APPICON_NAME = AppIcon;
				ASSETCATALOG_COMPILER_GLOBAL_ACCENT_COLOR_NAME = AccentColor;
				CLANG_ENABLE_MODULES = YES;
				CODE_SIGN_STYLE = Automatic;
				CURRENT_PROJECT_VERSION = 1;
				DEVELOPMENT_TEAM = KDV66GVZ86;
				ENABLE_USER_SCRIPT_SANDBOXING = NO;
				GENERATE_INFOPLIST_FILE = YES;
				INFOPLIST_FILE = CozeSDKDemo/Info.plist;
				INFOPLIST_KEY_UIApplicationSupportsIndirectInputEvents = YES;
				INFOPLIST_KEY_UILaunchStoryboardName = LaunchScreen;
				INFOPLIST_KEY_UIMainStoryboardFile = Main;
				INFOPLIST_KEY_UISupportedInterfaceOrientations_iPad = "UIInterfaceOrientationPortrait UIInterfaceOrientationPortraitUpsideDown UIInterfaceOrientationLandscapeLeft UIInterfaceOrientationLandscapeRight";
				INFOPLIST_KEY_UISupportedInterfaceOrientations_iPhone = "UIInterfaceOrientationPortrait UIInterfaceOrientationLandscapeLeft UIInterfaceOrientationLandscapeRight";
				IPHONEOS_DEPLOYMENT_TARGET = 15.6;
				LD_RUNPATH_SEARCH_PATHS = (
					"$(inherited)",
					"@executable_path/Frameworks",
				);
				MARKETING_VERSION = 1.0;
				PRODUCT_BUNDLE_IDENTIFIER = com.zy.voice.agent.VoiceAgent;
				PRODUCT_NAME = "$(TARGET_NAME)";
				SWIFT_EMIT_LOC_STRINGS = YES;
				SWIFT_OBJC_BRIDGING_HEADER = "CozeSDKDemo/CozeSDKDemo-Bridging-Header.h";
				SWIFT_OPTIMIZATION_LEVEL = "-Onone";
				SWIFT_VERSION = 5.0;
				TARGETED_DEVICE_FAMILY = "1,2";
			};
			name = Debug;
		};
		9DC82B512DC20AA500D7696B /* Release */ = {
			isa = XCBuildConfiguration;
			baseConfigurationReference = 5C96387DE26668D4657BDC62 /* Pods-CozeSDKDemo.release.xcconfig */;
			buildSettings = {
				ASSETCATALOG_COMPILER_APPICON_NAME = AppIcon;
				ASSETCATALOG_COMPILER_GLOBAL_ACCENT_COLOR_NAME = AccentColor;
				CLANG_ENABLE_MODULES = YES;
				CODE_SIGN_STYLE = Automatic;
				CURRENT_PROJECT_VERSION = 1;
				DEVELOPMENT_TEAM = KDV66GVZ86;
				ENABLE_USER_SCRIPT_SANDBOXING = NO;
				GENERATE_INFOPLIST_FILE = YES;
				INFOPLIST_FILE = CozeSDKDemo/Info.plist;
				INFOPLIST_KEY_UIApplicationSupportsIndirectInputEvents = YES;
				INFOPLIST_KEY_UILaunchStoryboardName = LaunchScreen;
				INFOPLIST_KEY_UIMainStoryboardFile = Main;
				INFOPLIST_KEY_UISupportedInterfaceOrientations_iPad = "UIInterfaceOrientationPortrait UIInterfaceOrientationPortraitUpsideDown UIInterfaceOrientationLandscapeLeft UIInterfaceOrientationLandscapeRight";
				INFOPLIST_KEY_UISupportedInterfaceOrientations_iPhone = "UIInterfaceOrientationPortrait UIInterfaceOrientationLandscapeLeft UIInterfaceOrientationLandscapeRight";
				IPHONEOS_DEPLOYMENT_TARGET = 15.6;
				LD_RUNPATH_SEARCH_PATHS = (
					"$(inherited)",
					"@executable_path/Frameworks",
				);
				MARKETING_VERSION = 1.0;
				PRODUCT_BUNDLE_IDENTIFIER = com.zy.voice.agent.VoiceAgent;
				PRODUCT_NAME = "$(TARGET_NAME)";
				SWIFT_EMIT_LOC_STRINGS = YES;
				SWIFT_OBJC_BRIDGING_HEADER = "CozeSDKDemo/CozeSDKDemo-Bridging-Header.h";
				SWIFT_VERSION = 5.0;
				TARGETED_DEVICE_FAMILY = "1,2";
			};
			name = Release;
		};
		9DC82B522DC20AA500D7696B /* Debug */ = {
			isa = XCBuildConfiguration;
			buildSettings = {
				ALWAYS_SEARCH_USER_PATHS = NO;
				ASSETCATALOG_COMPILER_GENERATE_SWIFT_ASSET_SYMBOL_EXTENSIONS = YES;
				CLANG_ANALYZER_NONNULL = YES;
				CLANG_ANALYZER_NUMBER_OBJECT_CONVERSION = YES_AGGRESSIVE;
				CLANG_CXX_LANGUAGE_STANDARD = "gnu++20";
				CLANG_ENABLE_MODULES = YES;
				CLANG_ENABLE_OBJC_ARC = YES;
				CLANG_ENABLE_OBJC_WEAK = YES;
				CLANG_WARN_BLOCK_CAPTURE_AUTORELEASING = YES;
				CLANG_WARN_BOOL_CONVERSION = YES;
				CLANG_WARN_COMMA = YES;
				CLANG_WARN_CONSTANT_CONVERSION = YES;
				CLANG_WARN_DEPRECATED_OBJC_IMPLEMENTATIONS = YES;
				CLANG_WARN_DIRECT_OBJC_ISA_USAGE = YES_ERROR;
				CLANG_WARN_DOCUMENTATION_COMMENTS = YES;
				CLANG_WARN_EMPTY_BODY = YES;
				CLANG_WARN_ENUM_CONVERSION = YES;
				CLANG_WARN_INFINITE_RECURSION = YES;
				CLANG_WARN_INT_CONVERSION = YES;
				CLANG_WARN_NON_LITERAL_NULL_CONVERSION = YES;
				CLANG_WARN_OBJC_IMPLICIT_RETAIN_SELF = YES;
				CLANG_WARN_OBJC_LITERAL_CONVERSION = YES;
				CLANG_WARN_OBJC_ROOT_CLASS = YES_ERROR;
				CLANG_WARN_QUOTED_INCLUDE_IN_FRAMEWORK_HEADER = YES;
				CLANG_WARN_RANGE_LOOP_ANALYSIS = YES;
				CLANG_WARN_STRICT_PROTOTYPES = YES;
				CLANG_WARN_SUSPICIOUS_MOVE = YES;
				CLANG_WARN_UNGUARDED_AVAILABILITY = YES_AGGRESSIVE;
				CLANG_WARN_UNREACHABLE_CODE = YES;
				CLANG_WARN__DUPLICATE_METHOD_MATCH = YES;
				COPY_PHASE_STRIP = NO;
				DEBUG_INFORMATION_FORMAT = dwarf;
				DEVELOPMENT_TEAM = KDV66GVZ86;
				ENABLE_STRICT_OBJC_MSGSEND = YES;
				ENABLE_TESTABILITY = YES;
				ENABLE_USER_SCRIPT_SANDBOXING = YES;
				GCC_C_LANGUAGE_STANDARD = gnu17;
				GCC_DYNAMIC_NO_PIC = NO;
				GCC_NO_COMMON_BLOCKS = YES;
				GCC_OPTIMIZATION_LEVEL = 0;
				GCC_PREPROCESSOR_DEFINITIONS = (
					"DEBUG=1",
					"$(inherited)",
				);
				GCC_WARN_64_TO_32_BIT_CONVERSION = YES;
				GCC_WARN_ABOUT_RETURN_TYPE = YES_ERROR;
				GCC_WARN_UNDECLARED_SELECTOR = YES;
				GCC_WARN_UNINITIALIZED_AUTOS = YES_AGGRESSIVE;
				GCC_WARN_UNUSED_FUNCTION = YES;
				GCC_WARN_UNUSED_VARIABLE = YES;
				IPHONEOS_DEPLOYMENT_TARGET = 18.4;
				LOCALIZATION_PREFERS_STRING_CATALOGS = YES;
				MTL_ENABLE_DEBUG_INFO = INCLUDE_SOURCE;
				MTL_FAST_MATH = YES;
				ONLY_ACTIVE_ARCH = YES;
				SDKROOT = iphoneos;
				SWIFT_ACTIVE_COMPILATION_CONDITIONS = "DEBUG $(inherited)";
				SWIFT_OPTIMIZATION_LEVEL = "-Onone";
			};
			name = Debug;
		};
		9DC82B532DC20AA500D7696B /* Release */ = {
			isa = XCBuildConfiguration;
			buildSettings = {
				ALWAYS_SEARCH_USER_PATHS = NO;
				ASSETCATALOG_COMPILER_GENERATE_SWIFT_ASSET_SYMBOL_EXTENSIONS = YES;
				CLANG_ANALYZER_NONNULL = YES;
				CLANG_ANALYZER_NUMBER_OBJECT_CONVERSION = YES_AGGRESSIVE;
				CLANG_CXX_LANGUAGE_STANDARD = "gnu++20";
				CLANG_ENABLE_MODULES = YES;
				CLANG_ENABLE_OBJC_ARC = YES;
				CLANG_ENABLE_OBJC_WEAK = YES;
				CLANG_WARN_BLOCK_CAPTURE_AUTORELEASING = YES;
				CLANG_WARN_BOOL_CONVERSION = YES;
				CLANG_WARN_COMMA = YES;
				CLANG_WARN_CONSTANT_CONVERSION = YES;
				CLANG_WARN_DEPRECATED_OBJC_IMPLEMENTATIONS = YES;
				CLANG_WARN_DIRECT_OBJC_ISA_USAGE = YES_ERROR;
				CLANG_WARN_DOCUMENTATION_COMMENTS = YES;
				CLANG_WARN_EMPTY_BODY = YES;
				CLANG_WARN_ENUM_CONVERSION = YES;
				CLANG_WARN_INFINITE_RECURSION = YES;
				CLANG_WARN_INT_CONVERSION = YES;
				CLANG_WARN_NON_LITERAL_NULL_CONVERSION = YES;
				CLANG_WARN_OBJC_IMPLICIT_RETAIN_SELF = YES;
				CLANG_WARN_OBJC_LITERAL_CONVERSION = YES;
				CLANG_WARN_OBJC_ROOT_CLASS = YES_ERROR;
				CLANG_WARN_QUOTED_INCLUDE_IN_FRAMEWORK_HEADER = YES;
				CLANG_WARN_RANGE_LOOP_ANALYSIS = YES;
				CLANG_WARN_STRICT_PROTOTYPES = YES;
				CLANG_WARN_SUSPICIOUS_MOVE = YES;
				CLANG_WARN_UNGUARDED_AVAILABILITY = YES_AGGRESSIVE;
				CLANG_WARN_UNREACHABLE_CODE = YES;
				CLANG_WARN__DUPLICATE_METHOD_MATCH = YES;
				COPY_PHASE_STRIP = NO;
				DEBUG_INFORMATION_FORMAT = "dwarf-with-dsym";
				DEVELOPMENT_TEAM = KDV66GVZ86;
				ENABLE_NS_ASSERTIONS = NO;
				ENABLE_STRICT_OBJC_MSGSEND = YES;
				ENABLE_USER_SCRIPT_SANDBOXING = YES;
				GCC_C_LANGUAGE_STANDARD = gnu17;
				GCC_NO_COMMON_BLOCKS = YES;
				GCC_WARN_64_TO_32_BIT_CONVERSION = YES;
				GCC_WARN_ABOUT_RETURN_TYPE = YES_ERROR;
				GCC_WARN_UNDECLARED_SELECTOR = YES;
				GCC_WARN_UNINITIALIZED_AUTOS = YES_AGGRESSIVE;
				GCC_WARN_UNUSED_FUNCTION = YES;
				GCC_WARN_UNUSED_VARIABLE = YES;
				IPHONEOS_DEPLOYMENT_TARGET = 18.4;
				LOCALIZATION_PREFERS_STRING_CATALOGS = YES;
				MTL_ENABLE_DEBUG_INFO = NO;
				MTL_FAST_MATH = YES;
				SDKROOT = iphoneos;
				SWIFT_COMPILATION_MODE = wholemodule;
				VALIDATE_PRODUCT = YES;
			};
			name = Release;
		};
/* End XCBuildConfiguration section */

/* Begin XCConfigurationList section */
		9DC82B372DC20AA400D7696B /* Build configuration list for PBXProject "CozeSDKDemo" */ = {
			isa = XCConfigurationList;
			buildConfigurations = (
				9DC82B522DC20AA500D7696B /* Debug */,
				9DC82B532DC20AA500D7696B /* Release */,
			);
			defaultConfigurationIsVisible = 0;
			defaultConfigurationName = Release;
		};
		9DC82B4F2DC20AA500D7696B /* Build configuration list for PBXNativeTarget "CozeSDKDemo" */ = {
			isa = XCConfigurationList;
			buildConfigurations = (
				9DC82B502DC20AA500D7696B /* Debug */,
				9DC82B512DC20AA500D7696B /* Release */,
			);
			defaultConfigurationIsVisible = 0;
			defaultConfigurationName = Release;
		};
/* End XCConfigurationList section */
	};
	rootObject = 9DC82B342DC20AA400D7696B /* Project object */;
}
